{
    "_meta": {
        "hash": {
            "sha256": "a42db818520ee01c429bc6c6f21269499a5eff6130b3e48eb5190e8ec4dc80e7"
        },
        "pipfile-spec": 6,
        "requires": {
            "python_full_version": "3.12.1",
            "python_version": "3.12"
        },
        "sources": [
            {
                "name": "pypi",
                "url": "https://pypi.org/simple",
                "verify_ssl": true
            }
        ]
    },
    "default": {
        "asgiref": {
            "hashes": [
                "sha256:89b2ef2247e3b562a16eef663bc0e2e703ec6468e2fa8a5cd61cd449786d4f6e",
                "sha256:9e0ce3aa93a819ba5b45120216b23878cf6e8525eb3848653452b4192b92afed"
            ],
            "index": "pypi",
            "markers": "python_version >= '3.7'",
            "version": "==3.7.2"
        },
        "brotli": {
            "hashes": [
                "sha256:03d20af184290887bdea3f0f78c4f737d126c74dc2f3ccadf07e54ceca3bf208",
                "sha256:0541e747cce78e24ea12d69176f6a7ddb690e62c425e01d31cc065e69ce55b48",
                "sha256:069a121ac97412d1fe506da790b3e69f52254b9df4eb665cd42460c837193354",
                "sha256:0b63b949ff929fbc2d6d3ce0e924c9b93c9785d877a21a1b678877ffbbc4423a",
                "sha256:0c6244521dda65ea562d5a69b9a26120769b7a9fb3db2fe9545935ed6735b128",
                "sha256:11d00ed0a83fa22d29bc6b64ef636c4552ebafcef57154b4ddd132f5638fbd1c",
                "sha256:141bd4d93984070e097521ed07e2575b46f817d08f9fa42b16b9b5f27b5ac088",
                "sha256:19c116e796420b0cee3da1ccec3b764ed2952ccfcc298b55a10e5610ad7885f9",
                "sha256:1ab4fbee0b2d9098c74f3057b2bc055a8bd92ccf02f65944a241b4349229185a",
                "sha256:1ae56aca0402a0f9a3431cddda62ad71666ca9d4dc3a10a142b9dce2e3c0cda3",
                "sha256:224e57f6eac61cc449f498cc5f0e1725ba2071a3d4f48d5d9dffba42db196438",
                "sha256:22fc2a8549ffe699bfba2256ab2ed0421a7b8fadff114a3d201794e45a9ff578",
                "sha256:23032ae55523cc7bccb4f6a0bf368cd25ad9bcdcc1990b64a647e7bbcce9cb5b",
                "sha256:2333e30a5e00fe0fe55903c8832e08ee9c3b1382aacf4db26664a16528d51b4b",
                "sha256:2954c1c23f81c2eaf0b0717d9380bd348578a94161a65b3a2afc62c86467dd68",
                "sha256:2de9d02f5bda03d27ede52e8cfe7b865b066fa49258cbab568720aa5be80a47d",
                "sha256:30924eb4c57903d5a7526b08ef4a584acc22ab1ffa085faceb521521d2de32dd",
                "sha256:316cc9b17edf613ac76b1f1f305d2a748f1b976b033b049a6ecdfd5612c70409",
                "sha256:38025d9f30cf4634f8309c6874ef871b841eb3c347e90b0851f63d1ded5212da",
                "sha256:39da8adedf6942d76dc3e46653e52df937a3c4d6d18fdc94a7c29d263b1f5b50",
                "sha256:3d7954194c36e304e1523f55d7042c59dc53ec20dd4e9ea9d151f1b62b4415c0",
                "sha256:4093c631e96fdd49e0377a9c167bfd75b6d0bad2ace734c6eb20b348bc3ea180",
                "sha256:43ce1b9935bfa1ede40028054d7f48b5469cd02733a365eec8a329ffd342915d",
                "sha256:4d4a848d1837973bf0f4b5e54e3bec977d99be36a7895c61abb659301b02c112",
                "sha256:4ed11165dd45ce798d99a136808a794a748d5dc38511303239d4e2363c0695dc",
                "sha256:510b5b1bfbe20e1a7b3baf5fed9e9451873559a976c1a78eebaa3b86c57b4265",
                "sha256:524f35912131cc2cabb00edfd8d573b07f2d9f21fa824bd3fb19725a9cf06327",
                "sha256:587ca6d3cef6e4e868102672d3bd9dc9698c309ba56d41c2b9c85bbb903cdb95",
                "sha256:5b3cc074004d968722f51e550b41a27be656ec48f8afaeeb45ebf65b561481dd",
                "sha256:5eeb539606f18a0b232d4ba45adccde4125592f3f636a6182b4a8a436548b914",
                "sha256:5f4d5ea15c9382135076d2fb28dde923352fe02951e66935a9efaac8f10e81b0",
                "sha256:5fb2ce4b8045c78ebbc7b8f3c15062e435d47e7393cc57c25115cfd49883747a",
                "sha256:6172447e1b368dcbc458925e5ddaf9113477b0ed542df258d84fa28fc45ceea7",
                "sha256:6c3020404e0b5eefd7c9485ccf8393cfb75ec38ce75586e046573c9dc29967a0",
                "sha256:70051525001750221daa10907c77830bc889cb6d865cc0b813d9db7fefc21451",
                "sha256:7905193081db9bfa73b1219140b3d315831cbff0d8941f22da695832f0dd188f",
                "sha256:7c4855522edb2e6ae7fdb58e07c3ba9111e7621a8956f481c68d5d979c93032e",
                "sha256:7e4c4629ddad63006efa0ef968c8e4751c5868ff0b1c5c40f76524e894c50248",
                "sha256:7f4bf76817c14aa98cc6697ac02f3972cb8c3da93e9ef16b9c66573a68014f91",
                "sha256:81de08ac11bcb85841e440c13611c00b67d3bf82698314928d0b676362546724",
                "sha256:861bf317735688269936f755fa136a99d1ed526883859f86e41a5d43c61d8966",
                "sha256:890b5a14ce214389b2cc36ce82f3093f96f4cc730c1cffdbefff77a7c71f2a97",
                "sha256:89f4988c7203739d48c6f806f1e87a1d96e0806d44f0fba61dba81392c9e474d",
                "sha256:8dadd1314583ec0bf2d1379f7008ad627cd6336625d6679cf2f8e67081b83acf",
                "sha256:901032ff242d479a0efa956d853d16875d42157f98951c0230f69e69f9c09bac",
                "sha256:906bc3a79de8c4ae5b86d3d75a8b77e44404b0f4261714306e3ad248d8ab0951",
                "sha256:919e32f147ae93a09fe064d77d5ebf4e35502a8df75c29fb05788528e330fe74",
                "sha256:929811df5462e182b13920da56c6e0284af407d1de637d8e536c5cd00a7daf60",
                "sha256:949f3b7c29912693cee0afcf09acd6ebc04c57af949d9bf77d6101ebb61e388c",
                "sha256:a090ca607cbb6a34b0391776f0cb48062081f5f60ddcce5d11838e67a01928d1",
                "sha256:a1fd8a29719ccce974d523580987b7f8229aeace506952fa9ce1d53a033873c8",
                "sha256:a37b8f0391212d29b3a91a799c8e4a2855e0576911cdfb2515487e30e322253d",
                "sha256:a3daabb76a78f829cafc365531c972016e4aa8d5b4bf60660ad8ecee19df7ccc",
                "sha256:a469274ad18dc0e4d316eefa616d1d0c2ff9da369af19fa6f3daa4f09671fd61",
                "sha256:a599669fd7c47233438a56936988a2478685e74854088ef5293802123b5b2460",
                "sha256:a743e5a28af5f70f9c080380a5f908d4d21d40e8f0e0c8901604d15cfa9ba751",
                "sha256:a77def80806c421b4b0af06f45d65a136e7ac0bdca3c09d9e2ea4e515367c7e9",
                "sha256:aac0411d20e345dc0920bdec5548e438e999ff68d77564d5e9463a7ca9d3e7b1",
                "sha256:ae15b066e5ad21366600ebec29a7ccbc86812ed267e4b28e860b8ca16a2bc474",
                "sha256:be36e3d172dc816333f33520154d708a2657ea63762ec16b62ece02ab5e4daf2",
                "sha256:c8146669223164fc87a7e3de9f81e9423c67a79d6b3447994dfb9c95da16e2d6",
                "sha256:c8fd5270e906eef71d4a8d19b7c6a43760c6abcfcc10c9101d14eb2357418de9",
                "sha256:caf9ee9a5775f3111642d33b86237b05808dafcd6268faa492250e9b78046eb2",
                "sha256:cdad5b9014d83ca68c25d2e9444e28e967ef16e80f6b436918c700c117a85467",
                "sha256:cdbc1fc1bc0bff1cef838eafe581b55bfbffaed4ed0318b724d0b71d4d377619",
                "sha256:ceb64bbc6eac5a140ca649003756940f8d6a7c444a68af170b3187623b43bebf",
                "sha256:d0c5516f0aed654134a2fc936325cc2e642f8a0e096d075209672eb321cff408",
                "sha256:d143fd47fad1db3d7c27a1b1d66162e855b5d50a89666af46e1679c496e8e579",
                "sha256:d192f0f30804e55db0d0e0a35d83a9fead0e9a359a9ed0285dbacea60cc10a84",
                "sha256:db85ecf4e609a48f4b29055f1e144231b90edc90af7481aa731ba2d059226b1b",
                "sha256:de6551e370ef19f8de1807d0a9aa2cdfdce2e85ce88b122fe9f6b2b076837e59",
                "sha256:e1140c64812cb9b06c922e77f1c26a75ec5e3f0fb2bf92cc8c58720dec276752",
                "sha256:e6a904cb26bfefc2f0a6f240bdf5233be78cd2488900a2f846f3c3ac8489ab80",
                "sha256:e84799f09591700a4154154cab9787452925578841a94321d5ee8fb9a9a328f0",
                "sha256:e93dfc1a1165e385cc8239fab7c036fb2cd8093728cbd85097b284d7b99249a2",
                "sha256:efa8b278894b14d6da122a72fefcebc28445f2d3f880ac59d46c90f4c13be9a3",
                "sha256:f0d8a7a6b5983c2496e364b969f0e526647a06b075d034f3297dc66f3b360c64",
                "sha256:f296c40e23065d0d6650c4aefe7470d2a25fffda489bcc3eb66083f3ac9f6643",
                "sha256:f66b5337fa213f1da0d9000bc8dc0cb5b896b726eefd9c6046f699b169c41b9e",
                "sha256:f733d788519c7e3e71f0855c96618720f5d3d60c3cb829d8bbb722dddce37985",
                "sha256:fce1473f3ccc4187f75b4690cfc922628aed4d3dd013d047f95a9b3919a86596",
                "sha256:fd5f17ff8f14003595ab414e45fce13d073e0762394f957182e69035c9f3d7c2",
                "sha256:fdc3ff3bfccdc6b9cc7c342c03aa2400683f0cb891d46e94b64a197910dc4064"
            ],
            "version": "==1.1.0"
        },
        "dj-database-url": {
            "hashes": [
                "sha256:04bc34b248d4c21aaa13e4ab419ae6575ef5f10f3df735ce7da97722caa356e0",
                "sha256:f2042cefe1086e539c9da39fad5ad7f61173bf79665e69bf7e4de55fa88b135f"
            ],
            "index": "pypi",
            "version": "==2.1.0"
        },
        "django": {
            "hashes": [
                "sha256:8c8659665bc6e3a44fefe1ab0a291e5a3fb3979f9a8230be29de975e57e8f854",
                "sha256:f47a37a90b9bbe2c8ec360235192c7fddfdc832206fcf618bb849b39256affc1"
            ],
            "index": "pypi",
            "markers": "python_version >= '3.10'",
            "version": "==5.0.1"
        },
        "gunicorn": {
            "hashes": [
                "sha256:3213aa5e8c24949e792bcacfc176fef362e7aac80b76c56f6b5122bf350722f0",
                "sha256:88ec8bff1d634f98e61b9f65bc4bf3cd918a90806c6f5c48bc5603849ec81033"
            ],
            "index": "pypi",
            "markers": "python_version >= '3.5'",
            "version": "==21.2.0"
        },
        "packaging": {
            "hashes": [
                "sha256:048fb0e9405036518eaaf48a55953c750c11e1a1b68e0dd1a9d62ed0c092cfc5",
                "sha256:8c491190033a9af7e1d931d0b5dacc2ef47509b34dd0de67ed209b5203fc88c7"
            ],
            "markers": "python_version >= '3.7'",
            "version": "==23.2"
        },
        "psycopg": {
            "extras": [
                "binary"
            ],
            "hashes": [
                "sha256:0bfe9741f4fb1c8115cadd8fe832fa91ac277e81e0652ff7fa1400f0ef0f59ba",
                "sha256:a34d922fd7df3134595e71c3428ba6f1bd5f4968db74857fe95de12db2d6b763"
            ],
            "markers": "python_version >= '3.7'",
            "version": "==3.1.16"
        },
        "psycopg-binary": {
            "hashes": [
                "sha256:08fb94928e785571ac90d3ab9e09f2721e0d895c2504ecfb8de91c5ea807b267",
                "sha256:0be876e3a8ee359f6a985b662c6b02a094a50b37adf1bd756a655004bddf167a",
                "sha256:1063fe43bb06790a4cfed9f1cacebb165939ca672b6fddcb03627d673ae00bd9",
                "sha256:1078370a93eaef1dc5aed540055d50cbe37e9154342f3a3d73fd768a6199344d",
                "sha256:198c4f16f806f7d2ad0c4a5b774652e17861b55249efb4e344049b1fcf9a24af",
                "sha256:1cdaf56adc9cc56df7a05e8f097a776939ba49d5e6afc907ba7b404d8bd21c89",
                "sha256:1e197c3e8d88e984c1e0fcc9a0218947e5a14855939a00b158b428bc449b49e3",
                "sha256:2a6bd83d0b934aa03897e93acb6897972ccc3827ae61c903589bc92ed423f75d",
                "sha256:2b22e2dad291a79d7a31b304866fd125038ef7fe378aba9698de0e1804a863c9",
                "sha256:2cfd857f1085c59da592090f2fa0751da30b67dcafea2ac52c4b404678406aae",
                "sha256:2e6092ec21c08ed4ae4ff343c93a3bbb1d39c87dee181860ce40fa3b5c46f4ae",
                "sha256:3815c72c590ffe3ad1dc3b7021d082b42215bbd91d2c7211d4a101eec1d0b83e",
                "sha256:3f2ceb04f8137462f9312a324bea5402de0a4f0503cd5442f4264911e4b6265b",
                "sha256:3f6053fe95596e2f67ff2c9464ea23032c748695a3b79060ca01ef878b0ea0f2",
                "sha256:430f8843e381199cdc39ce9506a2cdbc27a569c99a0d80193844c787ce7de94d",
                "sha256:46c9cca48d459d8df71fda4eef7d94a189b8333f4bc3cf1d170c1796fcbbc8cd",
                "sha256:47517d2da63bb10c80c2cf35c80a936db79636534849524fd57940b5f0bbd7bd",
                "sha256:481e9dafca1ed9532552e097105e6664ee7f14686270ed0ee0b1d6c78c2cdb11",
                "sha256:4ee8be32eb8b813ef37c5f5968fe03fdddc9a6f0129190f97f6491c798a1ef57",
                "sha256:4f79192b0edd60ef24acb0af5b83319cbb65d4187576757b690646b290de8307",
                "sha256:51e66b282d8689bc33d81bde3a1e14d0c88a39200c2d9436b028b394d24f1f99",
                "sha256:58289209495a92022e58757add4badb495815a4477f5e9840d481eac2ea422b2",
                "sha256:5e0885bcd7d9a0c0043be83d6a214069356c640d42496de798d901d0a16a34e7",
                "sha256:5eaa02fe8aa9ef8c8743919fdbc92c04b0ee8c43f3d65e53f24d355776c52fb3",
                "sha256:5f81e880d1bd935433efab1c2883a02031df84e739eadcb2c6a715e9c2f41c19",
                "sha256:699737cecf675e1eb70b892b1995456db4016eff7189a3ad9325dca5b6715cc3",
                "sha256:6b856d44531475488e773ac78d2a7a91c0909a1e8bdbd20d3ebdbdce1868c9a0",
                "sha256:6f03239d7c18666f5d6ca82ea972235de4d4d3604287098af6cdc256b76a0ca5",
                "sha256:7232116fc5d4e0274114f152bdb9df089895d4c70f7c03268cab0a4c48a28d04",
                "sha256:72539a0c6b9a2a9be2acca993df17f4baaa0ed00f1d76b65733725286e3e3304",
                "sha256:82099b6b4b0b12b63c4169d69b48bdbce97e674b86fa51b015e9949fc0ce5c82",
                "sha256:82ffad0edfa3dd77d6aa40c267f61275a6a4061f735cefe97cfd83cfa78e112a",
                "sha256:8429017cd7a3ef4699bee4ff8125a5e30b26882b817a178608d73e69fb727ab9",
                "sha256:84472e5c83e805d4c491f331061cbae3ea4e62f80a480fc4b32200be72262ffd",
                "sha256:8a611d7256493ee5bb73a070c9c60206af415be6aee01243c186fc03f1eb1a48",
                "sha256:8cda744c43b09342b1a8b5aace13d3284c1f5ddbfcefa2d385f703337503a060",
                "sha256:8eaabc8dd2d364e1b43d3a25188356191a45abb687b77016544f6847b3fcd73a",
                "sha256:8f8fb9677fb7873daf9797207e72e9275f61e769a308c4ea8f55dfd3153ebae7",
                "sha256:92bda36f0570a5f9a3d6aeb897bad219f1f23fc4e1d0e7780935798771efb536",
                "sha256:9b0f824565d1dc325c74c076efd5ba842b86219f8bc1b8048c8816621a8b268c",
                "sha256:a18dfcf7eb3db698eb7a38b4a0e82bf5b76a7bc0079068c5837df70b965570f8",
                "sha256:a37d682d7ff57cc2573b1011740ef1566749fc94ae6ac1456405510592735c0a",
                "sha256:a7d3b2ea267e7676b3693799fadf941c672f5727fae4947efa1f0cc6e25b672c",
                "sha256:adca24d273fe81ecab2312309db547b345155ec50d15676e2df82b8c5409eb06",
                "sha256:b23d4b86acba2d745763ee0801821af1c42b127d8df75b903b7e7ca7c5f6400c",
                "sha256:b256d500ec0121ad7875bc3539c43c82dc004535d55256a13c49df2d43f07ad8",
                "sha256:bfae154f3c88e67f3ed592765ad56531b6076acfe80796e28cccc05727c1cf5b",
                "sha256:cf13807b61315130a59ea8d0950bda2ac875bae9fadc0b1a9aca9b4ef6d62c7b",
                "sha256:d18c58f99beec18d38094edcb1ae7e6a1e58fb1a53ed08b0f18df714aa4b07cc",
                "sha256:d267cc92f0f0a9ea6c8ef058e95c85e58133d06c06f4ed48d63fc256aef166ab",
                "sha256:d2f308bfd39d6dcf3f46165f98d816bce5ac78aaf782eceb3cf43aa0a4fe62f8",
                "sha256:d43aa3aa55b5fa964ffa78cf6abdbd51ff33a759f290e9159a9f974ffa3178fa",
                "sha256:d8290cfd475fadf935da0900dc91b845fe92f792e6d53039c0df82f9049a84ad",
                "sha256:d9e1768c46c595a8177cb709c99626c3cefbd12c2e46eb54323efd8ac4a7fc2d",
                "sha256:db99192d9f448829322c4f59a584994ce747b8d586ec65788b4c65f7166cfe43",
                "sha256:e08e333366f8583c7bee33ca6a27f84b76e05ee4e9f9f327a48e3ff81386261d",
                "sha256:e122c904d4c4e044a3797a62624316cf7359271564f9ebe8ca342ed4a8cef3bd",
                "sha256:e1c416a7c2a699c3e5ba031357682ebca92bd58f399e553173ab5d67cc71cbc5",
                "sha256:e23375c14c22ce8fd26d057ac4ab827de79aafced173c68a4c0b03520ea02c70",
                "sha256:e951a8cc7cf919fdc817a28d57160e7286011a4a45dcad3be21f3e4feba8be1a",
                "sha256:e996b38ffeffbaa06d236bbeab5168d33eea95941cf74de1daa0b008333861b1",
                "sha256:edd1b630652bdfff84662b46d11878fbab8ab2966003c1876fcde56650e99e3f",
                "sha256:f3136d8f92708c04694ca0cae6a2d6c8170e7174b9ee594218cb229b407e8f48",
                "sha256:f9f4bc3d366951359a68833c8031cc83faf5084b3bc80dd2d24f0add593d4418",
                "sha256:fcc5996b1db4e7fb948ea47b610456df317625d92474c779a20f92ca8cbcec92"
            ],
            "version": "==3.1.16"
        },
        "sqlparse": {
            "hashes": [
                "sha256:5430a4fe2ac7d0f93e66f1efc6e1338a41884b7ddf2a350cedd20ccc4d9d28f3",
                "sha256:d446183e84b8349fa3061f0fe7f06ca94ba65b426946ffebe6e3e8295332420c"
            ],
            "index": "pypi",
            "markers": "python_version >= '3.5'",
            "version": "==0.4.4"
        },
        "typing-extensions": {
            "hashes": [
                "sha256:23478f88c37f27d76ac8aee6c905017a143b0b1b886c3c9f66bc2fd94f9f5783",
                "sha256:af72aea155e91adfc61c3ae9e0e342dbc0cba726d6cba4b6c72c1f34e47291cd"
            ],
            "markers": "python_version >= '3.8'",
            "version": "==4.9.0"
        },
        "whitenoise": {
            "extras": [
                "brotli"
            ],
            "hashes": [
                "sha256:8998f7370973447fac1e8ef6e8ded2c5209a7b1f67c1012866dbcd09681c3251",
                "sha256:b1f9db9bf67dc183484d760b99f4080185633136a273a03f6436034a41064146"
            ],
            "markers": "python_version >= '3.8'",
            "version": "==6.6.0"
        }
    },
    "develop": {}
}
